
Microsoft Visual Studio Solution File, Format Version 12.00
# Visual Studio 15
VisualStudioVersion = 15.0.28307.168
MinimumVisualStudioVersion = 10.0.40219.1
Project("{9A19103F-16F7-4668-BE54-9A1E7A4F7556}") = "ItemService.ItemMaster", "ItemService.ItemMaster\ItemService.ItemMaster.csproj", "{58E71284-5879-48DC-9752-E286D8AD398F}"
EndProject
Global
	GlobalSection(SolutionConfigurationPlatforms) = preSolution
		Debug|Any CPU = Debug|Any CPU
		Release|Any CPU = Release|Any CPU
	EndGlobalSection
	GlobalSection(ProjectConfigurationPlatforms) = postSolution
		{58E71284-5879-48DC-9752-E286D8AD398F}.Debug|Any CPU.ActiveCfg = Debug|Any CPU
		{58E71284-5879-48DC-9752-E286D8AD398F}.Debug|Any CPU.Build.0 = Debug|Any CPU
		{58E71284-5879-48DC-9752-E286D8AD398F}.Release|Any CPU.ActiveCfg = Release|Any CPU
		{58E71284-5879-48DC-9752-E286D8AD398F}.Release|Any CPU.Build.0 = Release|Any CPU
	EndGlobalSection
	GlobalSection(SolutionProperties) = preSolution
		HideSolutionNode = FALSE
	EndGlobalSection
	GlobalSection(ExtensibilityGlobals) = postSolution
		SolutionGuid = {772A04DF-A154-4BE9-ABFF-16C1258BE439}
	EndGlobalSection
EndGlobal
