
Microsoft Visual Studio Solution File, Format Version 12.00
# Visual Studio 15
VisualStudioVersion = 15.0.28307.106
MinimumVisualStudioVersion = 10.0.40219.1
Project("{9A19103F-16F7-4668-BE54-9A1E7A4F7556}") = "PosService", "PosService\PosService.csproj", "{B19DEB15-420E-4D88-8ED9-60F43BEF9A65}"
EndProject
Global
	GlobalSection(SolutionConfigurationPlatforms) = preSolution
		Debug|Any CPU = Debug|Any CPU
		Release|Any CPU = Release|Any CPU
	EndGlobalSection
	GlobalSection(ProjectConfigurationPlatforms) = postSolution
		{B19DEB15-420E-4D88-8ED9-60F43BEF9A65}.Debug|Any CPU.ActiveCfg = Debug|Any CPU
		{B19DEB15-420E-4D88-8ED9-60F43BEF9A65}.Debug|Any CPU.Build.0 = Debug|Any CPU
		{B19DEB15-420E-4D88-8ED9-60F43BEF9A65}.Release|Any CPU.ActiveCfg = Release|Any CPU
		{B19DEB15-420E-4D88-8ED9-60F43BEF9A65}.Release|Any CPU.Build.0 = Release|Any CPU
	EndGlobalSection
	GlobalSection(SolutionProperties) = preSolution
		HideSolutionNode = FALSE
	EndGlobalSection
	GlobalSection(ExtensibilityGlobals) = postSolution
		SolutionGuid = {ED24E211-86B3-4049-9D08-202571BE8432}
	EndGlobalSection
	GlobalSection(ExtensibilityGlobals) = postSolution
		SolutionGuid = {ED24E211-86B3-4049-9D08-202571BE8432}
	EndGlobalSection
	GlobalSection(ExtensibilityGlobals) = postSolution
		SolutionGuid = {ED24E211-86B3-4049-9D08-202571BE8432}
	EndGlobalSection
EndGlobal
