
Microsoft Visual Studio Solution File, Format Version 12.00
# Visual Studio 15
VisualStudioVersion = 15.0.28307.106
MinimumVisualStudioVersion = 10.0.40219.1
Project("{9A19103F-16F7-4668-BE54-9A1E7A4F7556}") = "BoxManagementService", "BoxManagementService\BoxManagementService.csproj", "{58CBE29C-64AA-469B-A0F8-880ABDDD2342}"
EndProject
Global
	GlobalSection(SolutionConfigurationPlatforms) = preSolution
		Debug|Any CPU = Debug|Any CPU
		Release|Any CPU = Release|Any CPU
	EndGlobalSection
	GlobalSection(ProjectConfigurationPlatforms) = postSolution
		{58CBE29C-64AA-469B-A0F8-880ABDDD2342}.Debug|Any CPU.ActiveCfg = Debug|Any CPU
		{58CBE29C-64AA-469B-A0F8-880ABDDD2342}.Debug|Any CPU.Build.0 = Debug|Any CPU
		{58CBE29C-64AA-469B-A0F8-880ABDDD2342}.Release|Any CPU.ActiveCfg = Release|Any CPU
		{58CBE29C-64AA-469B-A0F8-880ABDDD2342}.Release|Any CPU.Build.0 = Release|Any CPU
	EndGlobalSection
	GlobalSection(SolutionProperties) = preSolution
		HideSolutionNode = FALSE
	EndGlobalSection
	GlobalSection(ExtensibilityGlobals) = postSolution
		SolutionGuid = {844629D5-0D4D-4E35-85BA-ECA96F4F1957}
	EndGlobalSection
EndGlobal
